{
  "name": "bank",
  "version": "0.1.0",
  "lockfileVersion": 1,
  "requires": true,
  "dependencies": {
    "@babel/parser": {
      "version": "7.19.3",
      "resolved": "https://registry.npmmirror.com/@babel/parser/-/parser-7.19.3.tgz",
      "integrity": "sha512-pJ9xOlNWHiy9+FuFP09DEAFbAn4JskgRsVcc169w2xRBC3FRGuQEwjeIMMND9L2zc0iEhO/tGv4Zq+km+hxNpQ=="
    },
    "@vue/compiler-sfc": {
      "version": "2.7.10",
      "resolved": "https://registry.npmmirror.com/@vue/compiler-sfc/-/compiler-sfc-2.7.10.tgz",
      "integrity": "sha512-55Shns6WPxlYsz4WX7q9ZJBL77sKE1ZAYNYStLs6GbhIOMrNtjMvzcob6gu3cGlfpCR4bT7NXgyJ3tly2+Hx8Q==",
      "requires": {
        "@babel/parser": "^7.18.4",
        "postcss": "^8.4.14",
        "source-map": "^0.6.1"
      }
    },
    "argparse": {
      "version": "1.0.10",
      "resolved": "https://registry.npmmirror.com/argparse/-/argparse-1.0.10.tgz",
      "integrity": "sha512-o5Roy6tNG4SL/FOkCAN6RzjiakZS25RLYFrcMttJqbdd8BWrnA+fGz57iN5Pb06pvBGvl5gQ0B48dJlslXvoTg==",
      "requires": {
        "sprintf-js": "~1.0.2"
      }
    },
    "big.js": {
      "version": "5.2.2",
      "resolved": "https://registry.npmmirror.com/big.js/-/big.js-5.2.2.tgz",
      "integrity": "sha512-vyL2OymJxmarO8gxMr0mhChsO9QGwhynfuu4+MHTAW6czfq9humCB7rKpUjDd9YUiDPU4mzpyupFSvOClAwbmQ=="
    },
    "core-js": {
      "version": "3.25.3",
      "resolved": "https://registry.npmmirror.com/core-js/-/core-js-3.25.3.tgz",
      "integrity": "sha512-y1hvKXmPHvm5B7w4ln1S4uc9eV/O5+iFExSRUimnvIph11uaizFR8LFMdONN8hG3P2pipUfX4Y/fR8rAEtcHcQ=="
    },
    "csstype": {
      "version": "3.1.1",
      "resolved": "https://registry.npmmirror.com/csstype/-/csstype-3.1.1.tgz",
      "integrity": "sha512-DJR/VvkAvSZW9bTouZue2sSxDwdTN92uHjqeKVm+0dAqdfNykRzQ95tay8aXMBAAPpUiq4Qcug2L7neoRh2Egw=="
    },
    "de-indent": {
      "version": "1.0.2",
      "resolved": "https://registry.npmmirror.com/de-indent/-/de-indent-1.0.2.tgz",
      "integrity": "sha512-e/1zu3xH5MQryN2zdVaF0OrdNLUbvWxzMbi+iNA6Bky7l1RoP8a2fIbRocyHclXt/arDrrR6lL3TqFD9pMQTsg==",
      "dev": true
    },
    "emojis-list": {
      "version": "3.0.0",
      "resolved": "https://registry.npmmirror.com/emojis-list/-/emojis-list-3.0.0.tgz",
      "integrity": "sha512-/kyM18EfinwXZbno9FyUGeFh87KC8HRQBQGildHZbEuRyWFOmv1U10o9BBp8XVZDVNNuQKyIGIu5ZYAAXJ0V2Q=="
    },
    "hash-sum": {
      "version": "2.0.0",
      "resolved": "https://registry.npmmirror.com/hash-sum/-/hash-sum-2.0.0.tgz",
      "integrity": "sha512-WdZTbAByD+pHfl/g9QSsBIIwy8IT+EsPiKDs0KNX+zSHhdDLFKdZu0BQHljvO+0QI/BasbMSUa8wYNCZTvhslg=="
    },
    "he": {
      "version": "1.2.0",
      "resolved": "https://registry.npmmirror.com/he/-/he-1.2.0.tgz",
      "integrity": "sha512-F/1DnUGPopORZi0ni+CvrCgHQ5FyEAHRLSApuYWMmrbSwoN2Mn/7k+Gl38gJnR7yyDZk6WLXwiGod1JOWNDKGw==",
      "dev": true
    },
    "json5": {
      "version": "2.2.1",
      "resolved": "https://registry.npmmirror.com/json5/-/json5-2.2.1.tgz",
      "integrity": "sha512-1hqLFMSrGHRHxav9q9gNjJ5EXznIxGVO09xQRrwplcS8qs28pZ8s8hupZAmqDwZUmVZ2Qb2jnyPOWcDH8m8dlA=="
    },
    "katex": {
      "version": "0.6.0",
      "resolved": "https://registry.npmmirror.com/katex/-/katex-0.6.0.tgz",
      "integrity": "sha512-rS4mY3SvHYg5LtQV6RBcK0if7ur6plyEukAOV+jGGPqFImuzu8fHL6M752iBmRGoUyF0bhZbAPoezehn7xYksA==",
      "requires": {
        "match-at": "^0.1.0"
      }
    },
    "linkify-it": {
      "version": "1.2.4",
      "resolved": "https://registry.npmmirror.com/linkify-it/-/linkify-it-1.2.4.tgz",
      "integrity": "sha512-eGHwtlABkp1NOJSiKUNqBf3SYAS5jPHtvRXPAgNaQwTqmkTahjtiLH9NtxdR5IOPhNvwNMN/diswSfZKzUkhGg==",
      "requires": {
        "uc.micro": "^1.0.1"
      }
    },
    "loader-utils": {
      "version": "2.0.2",
      "resolved": "https://registry.npmmirror.com/loader-utils/-/loader-utils-2.0.2.tgz",
      "integrity": "sha512-TM57VeHptv569d/GKh6TAYdzKblwDNiumOdkFnejjD0XwTH87K90w3O7AiJRqdQoXygvi1VQTJTLGhJl7WqA7A==",
      "requires": {
        "big.js": "^5.2.2",
        "emojis-list": "^3.0.0",
        "json5": "^2.1.2"
      }
    },
    "markdown-it": {
      "version": "6.1.1",
      "resolved": "https://registry.npmmirror.com/markdown-it/-/markdown-it-6.1.1.tgz",
      "integrity": "sha512-woFl7h/sqt9xRmiMweNuO7nu+w8Lz3SXsDlvE3TYeu1SdPqQ+VW4GZyaKP442Bq6XUN6V6IQjJTR93RDYG2mjw==",
      "requires": {
        "argparse": "^1.0.7",
        "entities": "~1.1.1",
        "linkify-it": "~1.2.2",
        "mdurl": "~1.0.1",
        "uc.micro": "^1.0.1"
      },
      "dependencies": {
        "entities": {
          "version": "1.1.2",
          "resolved": "https://registry.npmmirror.com/entities/-/entities-1.1.2.tgz",
          "integrity": "sha512-f2LZMYl1Fzu7YSBKg+RoROelpOaNrcGmE9AZubeDfrCEia483oW4MI4VyFd5VNHIgQ/7qm1I0wUHK1eJnn2y2w=="
        }
      }
    },
    "markdown-it-abbr": {
      "version": "1.0.4",
      "resolved": "https://registry.npmmirror.com/markdown-it-abbr/-/markdown-it-abbr-1.0.4.tgz",
      "integrity": "sha512-ZeA4Z4SaBbYysZap5iZcxKmlPL6bYA8grqhzJIHB1ikn7njnzaP8uwbtuXc4YXD5LicI4/2Xmc0VwmSiFV04gg=="
    },
    "markdown-it-deflist": {
      "version": "2.1.0",
      "resolved": "https://registry.npmmirror.com/markdown-it-deflist/-/markdown-it-deflist-2.1.0.tgz",
      "integrity": "sha512-3OuqoRUlSxJiuQYu0cWTLHNhhq2xtoSFqsZK8plANg91+RJQU1ziQ6lA2LzmFAEes18uPBsHZpcX6We5l76Nzg=="
    },
    "markdown-it-emoji": {
      "version": "1.4.0",
      "resolved": "https://registry.npmmirror.com/markdown-it-emoji/-/markdown-it-emoji-1.4.0.tgz",
      "integrity": "sha512-QCz3Hkd+r5gDYtS2xsFXmBYrgw6KuWcJZLCEkdfAuwzZbShCmCfta+hwAMq4NX/4xPzkSHduMKgMkkPUJxSXNg=="
    },
    "markdown-it-footnote": {
      "version": "2.0.0",
      "resolved": "https://registry.npmmirror.com/markdown-it-footnote/-/markdown-it-footnote-2.0.0.tgz",
      "integrity": "sha512-GMWkJXSHh5tiQt77zCLOSZI2Xy3Oqdb82GmT0Q0h2UT6SbUrMCAiHEiMBIt5V7Xfm73rBxS0VOhlLndkn1GPnw=="
    },
    "markdown-it-ins": {
      "version": "2.0.0",
      "resolved": "https://registry.npmmirror.com/markdown-it-ins/-/markdown-it-ins-2.0.0.tgz",
      "integrity": "sha512-DhLLxseIg2C7+AULvoyVI+zMeufR0QFvXJ2o0oV013hN5HvBvNh2rbVtTdxZjI959+hgo2AA0aRdtEIUaKPbhg=="
    },
    "markdown-it-katex": {
      "version": "2.0.3",
      "resolved": "https://registry.npmmirror.com/markdown-it-katex/-/markdown-it-katex-2.0.3.tgz",
      "integrity": "sha512-nUkkMtRWeg7OpdflamflE/Ho/pWl64Lk9wNBKOmaj33XkQdumhXAIYhI0WO03GeiycPCsxbmX536V5NEXpC3Ng==",
      "requires": {
        "katex": "^0.6.0"
      }
    },
    "markdown-it-mark": {
      "version": "2.0.0",
      "resolved": "https://registry.npmmirror.com/markdown-it-mark/-/markdown-it-mark-2.0.0.tgz",
      "integrity": "sha512-iT8ua0Bda8QrVwHDOUNw1eyCuL7irXeYch5n8zGS4tb7wsDIn7EjQZLjihKaijzBiL0ikfWL2zAvL/ECqTvsNA=="
    },
    "markdown-it-sub": {
      "version": "1.0.0",
      "resolved": "https://registry.npmmirror.com/markdown-it-sub/-/markdown-it-sub-1.0.0.tgz",
      "integrity": "sha512-z2Rm/LzEE1wzwTSDrI+FlPEveAAbgdAdPhdWarq/ZGJrGW/uCQbKAnhoCsE4hAbc3SEym26+W2z/VQB0cQiA9Q=="
    },
    "markdown-it-sup": {
      "version": "1.0.0",
      "resolved": "https://registry.npmmirror.com/markdown-it-sup/-/markdown-it-sup-1.0.0.tgz",
      "integrity": "sha512-E32m0nV9iyhRR7CrhnzL5msqic7rL1juWre6TQNxsnApg7Uf+F97JOKxUijg5YwXz86lZ0mqfOnutoryyNdntQ=="
    },
    "markdown-it-task-lists": {
      "version": "2.1.1",
      "resolved": "https://registry.npmmirror.com/markdown-it-task-lists/-/markdown-it-task-lists-2.1.1.tgz",
      "integrity": "sha512-TxFAc76Jnhb2OUu+n3yz9RMu4CwGfaT788br6HhEDlvWfdeJcLUsxk1Hgw2yJio0OXsxv7pyIPmvECY7bMbluA=="
    },
    "markdown-it-toc-and-anchor": {
      "version": "4.2.0",
      "resolved": "https://registry.npmmirror.com/markdown-it-toc-and-anchor/-/markdown-it-toc-and-anchor-4.2.0.tgz",
      "integrity": "sha512-DusSbKtg8CwZ92ztN7bOojDpP4h0+w7BVOPuA3PHDIaabMsERYpwsazLYSP/UlKedoQjOz21mwlai36TQ04EpA==",
      "requires": {
        "clone": "^2.1.0",
        "uslug": "^1.0.4"
      },
      "dependencies": {
        "clone": {
          "version": "2.1.2",
          "resolved": "https://registry.npmmirror.com/clone/-/clone-2.1.2.tgz",
          "integrity": "sha512-3Pe/CF1Nn94hyhIYpjtiLhdCoEoz0DqQ+988E9gmeEdQZlojxnOb74wctFyuwWQHzqyf9X7C7MG8juUpqBJT8w=="
        }
      }
    },
    "match-at": {
      "version": "0.1.1",
      "resolved": "https://registry.npmmirror.com/match-at/-/match-at-0.1.1.tgz",
      "integrity": "sha512-h4Yd392z9mST+dzc+yjuybOGFNOZjmXIPKWjxBd1Bb23r4SmDOsk2NYCU2BMUBGbSpZqwVsZYNq26QS3xfaT3Q=="
    },
    "mdurl": {
      "version": "1.0.1",
      "resolved": "https://registry.npmmirror.com/mdurl/-/mdurl-1.0.1.tgz",
      "integrity": "sha512-/sKlQJCBYVY9Ers9hqzKou4H6V5UWc/M59TH2dvkt+84itfnq7uFOMLpOiOS4ujvHP4etln18fmIxA5R5fll0g=="
    },
    "nanoid": {
      "version": "3.3.4",
      "resolved": "https://registry.npmmirror.com/nanoid/-/nanoid-3.3.4.tgz",
      "integrity": "sha512-MqBkQh/OHTS2egovRtLk45wEyNXwF+cokD+1YPf9u5VfJiRdAiRwB2froX5Co9Rh20xs4siNPm8naNotSD6RBw=="
    },
    "picocolors": {
      "version": "1.0.0",
      "resolved": "https://registry.npmmirror.com/picocolors/-/picocolors-1.0.0.tgz",
      "integrity": "sha512-1fygroTLlHu66zi26VoTDv8yRgm0Fccecssto+MhsZ0D/DGW2sm8E8AjW7NU5VVTRt5GxbeZ5qBuJr+HyLYkjQ=="
    },
    "postcss": {
      "version": "8.4.16",
      "resolved": "https://registry.npmmirror.com/postcss/-/postcss-8.4.16.tgz",
      "integrity": "sha512-ipHE1XBvKzm5xI7hiHCZJCSugxvsdq2mPnsq5+UF+VHCjiBvtDrlxJfMBToWaP9D5XlgNmcFGqoHmUn0EYEaRQ==",
      "requires": {
        "nanoid": "^3.3.4",
        "picocolors": "^1.0.0",
        "source-map-js": "^1.0.2"
      }
    },
    "source-map": {
      "version": "0.6.1",
      "resolved": "https://registry.npmmirror.com/source-map/-/source-map-0.6.1.tgz",
      "integrity": "sha512-UjgapumWlbMhkBgzT7Ykc5YXUT46F0iKu8SGXq0bcwP5dz/h0Plj6enJqjz1Zbq2l5WaqYnrVbwWOWMyF3F47g=="
    },
    "source-map-js": {
      "version": "1.0.2",
      "resolved": "https://registry.npmmirror.com/source-map-js/-/source-map-js-1.0.2.tgz",
      "integrity": "sha512-R0XvVJ9WusLiqTCEiGCmICCMplcCkIwwR11mOSD9CR5u+IXYdiseeEuXCVAjS54zqwkLcPNnmU4OeJ6tUrWhDw=="
    },
    "sprintf-js": {
      "version": "1.0.3",
      "resolved": "https://registry.npmmirror.com/sprintf-js/-/sprintf-js-1.0.3.tgz",
      "integrity": "sha512-D9cPgkvLlV3t3IzL0D0YLvGA9Ahk4PcvVwUbN0dSGr1aP0Nrt4AEnTUbuGvquEC0mA64Gqt1fzirlRs5ibXx8g=="
    },
    "uc.micro": {
      "version": "1.0.6",
      "resolved": "https://registry.npmmirror.com/uc.micro/-/uc.micro-1.0.6.tgz",
      "integrity": "sha512-8Y75pvTYkLJW2hWQHXxoqRgV7qb9B+9vFEtidML+7koHUFapnVJAZ6cKs+Qjz5Aw3aZWHMC6u0wJE3At+nSGwA=="
    },
    "unorm": {
      "version": "1.6.0",
      "resolved": "https://registry.npmmirror.com/unorm/-/unorm-1.6.0.tgz",
      "integrity": "sha512-b2/KCUlYZUeA7JFUuRJZPUtr4gZvBh7tavtv4fvk4+KV9pfGiR6CQAQAWl49ZpR3ts2dk4FYkP7EIgDJoiOLDA=="
    },
    "uslug": {
      "version": "1.0.4",
      "resolved": "https://registry.npmmirror.com/uslug/-/uslug-1.0.4.tgz",
      "integrity": "sha512-Jrbpp/NS3TvIGNjfJT1sn3/BCeykoxR8GbNYW5lF6fUscLkbXFwj1b7m4DvIkHm8k3Qr6Co68lbTmoZTMGk/ow==",
      "requires": {
        "unorm": ">= 1.0.0"
      }
    },
    "vue": {
      "version": "2.7.10",
      "resolved": "https://registry.npmmirror.com/vue/-/vue-2.7.10.tgz",
      "integrity": "sha512-HmFC70qarSHPXcKtW8U8fgIkF6JGvjEmDiVInTkKZP0gIlEPhlVlcJJLkdGIDiNkIeA2zJPQTWJUI4iWe+AVfg==",
      "requires": {
        "@vue/compiler-sfc": "2.7.10",
        "csstype": "^3.1.0"
      }
    },
    "vue-loader": {
      "version": "17.0.0",
      "resolved": "https://registry.npmmirror.com/vue-loader/-/vue-loader-17.0.0.tgz",
      "integrity": "sha512-OWSXjrzIvbF2LtOUmxT3HYgwwubbfFelN8PAP9R9dwpIkj48TVioHhWWSx7W7fk+iF5cgg3CBJRxwTdtLU4Ecg==",
      "requires": {
        "chalk": "^4.1.0",
        "hash-sum": "^2.0.0",
        "loader-utils": "^2.0.0"
      },
      "dependencies": {
        "ansi-styles": {
          "version": "4.3.0",
          "resolved": "https://registry.npmmirror.com/ansi-styles/-/ansi-styles-4.3.0.tgz",
          "integrity": "sha512-zbB9rCJAT1rbjiVDb2hqKFHNYLxgtk8NURxZ3IZwD3F6NtxbXZQCnnSi1Lkx+IDohdPlFp222wVALIheZJQSEg==",
          "requires": {
            "color-convert": "^2.0.1"
          }
        },
        "chalk": {
          "version": "4.1.2",
          "resolved": "https://registry.npmmirror.com/chalk/-/chalk-4.1.2.tgz",
          "integrity": "sha512-oKnbhFyRIXpUuez8iBMmyEa4nbj4IOQyuhc/wy9kY7/WVPcwIO9VA668Pu8RkO7+0G76SLROeyw9CpQ061i4mA==",
          "requires": {
            "ansi-styles": "^4.1.0",
            "supports-color": "^7.1.0"
          }
        },
        "color-convert": {
          "version": "2.0.1",
          "resolved": "https://registry.npmmirror.com/color-convert/-/color-convert-2.0.1.tgz",
          "integrity": "sha512-RRECPsj7iu/xb5oKYcsFHSppFNnsj/52OVTRKb4zP5onXwVF3zVmmToNcOfGC+CRDpfK/U584fMg38ZHCaElKQ==",
          "requires": {
            "color-name": "~1.1.4"
          }
        },
        "color-name": {
          "version": "1.1.4",
          "resolved": "https://registry.npmmirror.com/color-name/-/color-name-1.1.4.tgz",
          "integrity": "sha512-dOy+3AuW3a2wNbZHIuMZpTcgjGuLU/uBL/ubcZF9OXbDo8ff4O8yVp5Bf0efS8uEoYo5q4Fx7dY9OgQGXgAsQA=="
        },
        "has-flag": {
          "version": "4.0.0",
          "resolved": "https://registry.npmmirror.com/has-flag/-/has-flag-4.0.0.tgz",
          "integrity": "sha512-EykJT/Q1KjTWctppgIAgfSO0tKVuZUjhgMr17kqTumMl6Afv3EISleU7qZUzoXDFTAHTDC4NOoG/ZxU3EvlMPQ=="
        },
        "supports-color": {
          "version": "7.2.0",
          "resolved": "https://registry.npmmirror.com/supports-color/-/supports-color-7.2.0.tgz",
          "integrity": "sha512-qpCAvRl9stuOHveKsn7HncJRvv501qIacKzQlO/+Lwxc9+0q2wLyv4Dfvt80/DPn2pqOBsJdDiogXGR9+OvwRw==",
          "requires": {
            "has-flag": "^4.0.0"
          }
        }
      }
    },
    "vue-markdown": {
      "version": "2.2.4",
      "resolved": "https://registry.npmmirror.com/vue-markdown/-/vue-markdown-2.2.4.tgz",
      "integrity": "sha512-hoTX/W1UIdHZrp/b0vpHSsJXAEfWsafaQLgtE2VX4gY8O/C3L2Gabqu95gyG429rL4ML1SwGv+xsPABX7yfFIQ==",
      "requires": {
        "highlight.js": "^9.12.0",
        "markdown-it": "^6.0.1",
        "markdown-it-abbr": "^1.0.3",
        "markdown-it-deflist": "^2.0.1",
        "markdown-it-emoji": "^1.1.1",
        "markdown-it-footnote": "^2.0.0",
        "markdown-it-ins": "^2.0.0",
        "markdown-it-katex": "^2.0.3",
        "markdown-it-mark": "^2.0.0",
        "markdown-it-sub": "^1.0.0",
        "markdown-it-sup": "^1.0.0",
        "markdown-it-task-lists": "^2.0.1",
        "markdown-it-toc-and-anchor": "^4.1.2"
      },
      "dependencies": {
        "highlight.js": {
          "version": "9.18.5",
          "resolved": "https://registry.npmmirror.com/highlight.js/-/highlight.js-9.18.5.tgz",
          "integrity": "sha512-a5bFyofd/BHCX52/8i8uJkjr9DYwXIPnM/plwI6W7ezItLGqzt7X2G2nXuYSfsIJdkwwj/g9DG1LkcGJI/dDoA=="
        }
      }
    },
    "vue-template-compiler": {
      "version": "2.7.10",
      "resolved": "https://registry.npmmirror.com/vue-template-compiler/-/vue-template-compiler-2.7.10.tgz",
      "integrity": "sha512-QO+8R9YRq1Gudm8ZMdo/lImZLJVUIAM8c07Vp84ojdDAf8HmPJc7XB556PcXV218k2AkKznsRz6xB5uOjAC4EQ==",
      "dev": true,
      "requires": {
        "de-indent": "^1.0.2",
        "he": "^1.2.0"
      }
    }
  }
}
